
Microsoft Visual Studio Solution File, Format Version 12.00
# Visual Studio Version 17
VisualStudioVersion = 17.1.32210.238
MinimumVisualStudioVersion = 10.0.40219.1
Project("{FAE04EC0-301F-11D3-BF4B-00C04F79EFBC}") = "ConsoleApp1", "ConsoleApp1\ConsoleApp1.csproj", "{C57378C7-9A1F-4903-8433-080DDD7AC3AD}"
EndProject
Global
	GlobalSection(SolutionConfigurationPlatforms) = preSolution
		Debug|Any CPU = Debug|Any CPU
		Release|Any CPU = Release|Any CPU
	EndGlobalSection
	GlobalSection(ProjectConfigurationPlatforms) = postSolution
		{C57378C7-9A1F-4903-8433-080DDD7AC3AD}.Debug|Any CPU.ActiveCfg = Debug|Any CPU
		{C57378C7-9A1F-4903-8433-080DDD7AC3AD}.Debug|Any CPU.Build.0 = Debug|Any CPU
		{C57378C7-9A1F-4903-8433-080DDD7AC3AD}.Release|Any CPU.ActiveCfg = Release|Any CPU
		{C57378C7-9A1F-4903-8433-080DDD7AC3AD}.Release|Any CPU.Build.0 = Release|Any CPU
	EndGlobalSection
	GlobalSection(SolutionProperties) = preSolution
		HideSolutionNode = FALSE
	EndGlobalSection
	GlobalSection(ExtensibilityGlobals) = postSolution
		SolutionGuid = {D78CF2E8-EF6E-4FE8-B0C0-67DEA9BE1709}
	EndGlobalSection
EndGlobal
